
Microsoft Visual Studio Solution File, Format Version 12.00
# Visual Studio Version 17
VisualStudioVersion = 17.7.34003.232
MinimumVisualStudioVersion = 10.0.40219.1
Project("{FAE04EC0-301F-11D3-BF4B-00C04F79EFBC}") = "Anagrafica2", "Anagrafica2\Anagrafica2.csproj", "{55811BBE-7F42-43BB-841A-DD1FD4D24308}"
EndProject
Global
	GlobalSection(SolutionConfigurationPlatforms) = preSolution
		Debug|Any CPU = Debug|Any CPU
		Release|Any CPU = Release|Any CPU
	EndGlobalSection
	GlobalSection(ProjectConfigurationPlatforms) = postSolution
		{55811BBE-7F42-43BB-841A-DD1FD4D24308}.Debug|Any CPU.ActiveCfg = Debug|Any CPU
		{55811BBE-7F42-43BB-841A-DD1FD4D24308}.Debug|Any CPU.Build.0 = Debug|Any CPU
		{55811BBE-7F42-43BB-841A-DD1FD4D24308}.Release|Any CPU.ActiveCfg = Release|Any CPU
		{55811BBE-7F42-43BB-841A-DD1FD4D24308}.Release|Any CPU.Build.0 = Release|Any CPU
	EndGlobalSection
	GlobalSection(SolutionProperties) = preSolution
		HideSolutionNode = FALSE
	EndGlobalSection
	GlobalSection(ExtensibilityGlobals) = postSolution
		SolutionGuid = {B23F4A68-453D-4C34-BBAD-333C7CEB3D32}
	EndGlobalSection
EndGlobal
